
Microsoft Visual Studio Solution File, Format Version 12.00
# Visual Studio Version 17
VisualStudioVersion = 17.10.35004.147
MinimumVisualStudioVersion = 10.0.40219.1
Project("{F184B08F-C81C-45F6-A57F-5ABD9991F28F}") = "SlidelyFormApp", "SlidelyFormApp\SlidelyFormApp.vbproj", "{05C21425-A453-411F-AD21-5B9DC307CCF8}"
EndProject
Global
	GlobalSection(SolutionConfigurationPlatforms) = preSolution
		Debug|Any CPU = Debug|Any CPU
		Release|Any CPU = Release|Any CPU
	EndGlobalSection
	GlobalSection(ProjectConfigurationPlatforms) = postSolution
		{05C21425-A453-411F-AD21-5B9DC307CCF8}.Debug|Any CPU.ActiveCfg = Debug|Any CPU
		{05C21425-A453-411F-AD21-5B9DC307CCF8}.Debug|Any CPU.Build.0 = Debug|Any CPU
		{05C21425-A453-411F-AD21-5B9DC307CCF8}.Release|Any CPU.ActiveCfg = Release|Any CPU
		{05C21425-A453-411F-AD21-5B9DC307CCF8}.Release|Any CPU.Build.0 = Release|Any CPU
	EndGlobalSection
	GlobalSection(SolutionProperties) = preSolution
		HideSolutionNode = FALSE
	EndGlobalSection
	GlobalSection(ExtensibilityGlobals) = postSolution
		SolutionGuid = {EAFF8DD2-2A2B-4C31-AC90-00B1E45387AB}
	EndGlobalSection
EndGlobal
